<Solution>
  <Project Path="src/Sdcb.GgufWeights.Abstractions/Sdcb.GgufWeights.Abstractions.csproj" />
  <Project Path="tools/Sdcb.GgufWeights.Packer/Sdcb.GgufWeights.Packer.csproj" />
  <Project Path="tests/Sdcb.GgufWeights.Abstractions.Tests/Sdcb.GgufWeights.Abstractions.Tests.csproj" />
</Solution>
